// !$*UTF8*$!
{
	archiveVersion = 1;
	classes = {
	};
	objectVersion = 50;
	objects = {

/* Begin PBXBuildFile section */
		7026C367253AB00D00CF3283 /* AppDelegate.swift in Sources */ = {isa = PBXBuildFile; fileRef = 7026C366253AB00D00CF3283 /* AppDelegate.swift */; };
		7026C369253AB00D00CF3283 /* SceneDelegate.swift in Sources */ = {isa = PBXBuildFile; fileRef = 7026C368253AB00D00CF3283 /* SceneDelegate.swift */; };
		7026C36B253AB00D00CF3283 /* ViewController.swift in Sources */ = {isa = PBXBuildFile; fileRef = 7026C36A253AB00D00CF3283 /* ViewController.swift */; };
		7026C36E253AB00D00CF3283 /* Main.storyboard in Resources */ = {isa = PBXBuildFile; fileRef = 7026C36C253AB00D00CF3283 /* Main.storyboard */; };
		7026C370253AB00F00CF3283 /* Assets.xcassets in Resources */ = {isa = PBXBuildFile; fileRef = 7026C36F253AB00F00CF3283 /* Assets.xcassets */; };
		7026C373253AB00F00CF3283 /* LaunchScreen.storyboard in Resources */ = {isa = PBXBuildFile; fileRef = 7026C371253AB00F00CF3283 /* LaunchScreen.storyboard */; };
		7026C37E253AB00F00CF3283 /* DotaHeroTests.swift in Sources */ = {isa = PBXBuildFile; fileRef = 7026C37D253AB00F00CF3283 /* DotaHeroTests.swift */; };
/* End PBXBuildFile section */

/* Begin PBXContainerItemProxy section */
		7026C37A253AB00F00CF3283 /* PBXContainerItemProxy */ = {
			isa = PBXContainerItemProxy;
			containerPortal = 7026C35B253AB00D00CF3283 /* Project object */;
			proxyType = 1;
			remoteGlobalIDString = 7026C362253AB00D00CF3283;
			remoteInfo = DotaHero;
		};
/* End PBXContainerItemProxy section */

/* Begin PBXFileReference section */
		7026C363253AB00D00CF3283 /* DotaHero.app */ = {isa = PBXFileReference; explicitFileType = wrapper.application; includeInIndex = 0; path = DotaHero.app; sourceTree = BUILT_PRODUCTS_DIR; };
		7026C366253AB00D00CF3283 /* AppDelegate.swift */ = {isa = PBXFileReference; lastKnownFileType = sourcecode.swift; path = AppDelegate.swift; sourceTree = "<group>"; };
		7026C368253AB00D00CF3283 /* SceneDelegate.swift */ = {isa = PBXFileReference; lastKnownFileType = sourcecode.swift; path = SceneDelegate.swift; sourceTree = "<group>"; };
		7026C36A253AB00D00CF3283 /* ViewController.swift */ = {isa = PBXFileReference; lastKnownFileType = sourcecode.swift; path = ViewController.swift; sourceTree = "<group>"; };
		7026C36D253AB00D00CF3283 /* Base */ = {isa = PBXFileReference; lastKnownFileType = file.storyboard; name = Base; path = Base.lproj/Main.storyboard; sourceTree = "<group>"; };
		7026C36F253AB00F00CF3283 /* Assets.xcassets */ = {isa = PBXFileReference; lastKnownFileType = folder.assetcatalog; path = Assets.xcassets; sourceTree = "<group>"; };
		7026C372253AB00F00CF3283 /* Base */ = {isa = PBXFileReference; lastKnownFileType = file.storyboard; name = Base; path = Base.lproj/LaunchScreen.storyboard; sourceTree = "<group>"; };
		7026C374253AB00F00CF3283 /* Info.plist */ = {isa = PBXFileReference; lastKnownFileType = text.plist.xml; path = Info.plist; sourceTree = "<group>"; };
		7026C379253AB00F00CF3283 /* DotaHeroTests.xctest */ = {isa = PBXFileReference; explicitFileType = wrapper.cfbundle; includeInIndex = 0; path = DotaHeroTests.xctest; sourceTree = BUILT_PRODUCTS_DIR; };
		7026C37D253AB00F00CF3283 /* DotaHeroTests.swift */ = {isa = PBXFileReference; lastKnownFileType = sourcecode.swift; path = DotaHeroTests.swift; sourceTree = "<group>"; };
		7026C37F253AB00F00CF3283 /* Info.plist */ = {isa = PBXFileReference; lastKnownFileType = text.plist.xml; path = Info.plist; sourceTree = "<group>"; };
/* End PBXFileReference section */

/* Begin PBXFrameworksBuildPhase section */
		7026C360253AB00D00CF3283 /* Frameworks */ = {
			isa = PBXFrameworksBuildPhase;
			buildActionMask = 2147483647;
			files = (
			);
			runOnlyForDeploymentPostprocessing = 0;
		};
		7026C376253AB00F00CF3283 /* Frameworks */ = {
			isa = PBXFrameworksBuildPhase;
			buildActionMask = 2147483647;
			files = (
			);
			runOnlyForDeploymentPostprocessing = 0;
		};
/* End PBXFrameworksBuildPhase section */

/* Begin PBXGroup section */
		7026C35A253AB00D00CF3283 = {
			isa = PBXGroup;
			children = (
				7026C365253AB00D00CF3283 /* DotaHero */,
				7026C37C253AB00F00CF3283 /* DotaHeroTests */,
				7026C364253AB00D00CF3283 /* Products */,
			);
			sourceTree = "<group>";
		};
		7026C364253AB00D00CF3283 /* Products */ = {
			isa = PBXGroup;
			children = (
				7026C363253AB00D00CF3283 /* DotaHero.app */,
				7026C379253AB00F00CF3283 /* DotaHeroTests.xctest */,
			);
			name = Products;
			sourceTree = "<group>";
		};
		7026C365253AB00D00CF3283 /* DotaHero */ = {
			isa = PBXGroup;
			children = (
				7026C366253AB00D00CF3283 /* AppDelegate.swift */,
				7026C368253AB00D00CF3283 /* SceneDelegate.swift */,
				7026C36A253AB00D00CF3283 /* ViewController.swift */,
				7026C36C253AB00D00CF3283 /* Main.storyboard */,
				7026C36F253AB00F00CF3283 /* Assets.xcassets */,
				7026C371253AB00F00CF3283 /* LaunchScreen.storyboard */,
				7026C374253AB00F00CF3283 /* Info.plist */,
			);
			path = DotaHero;
			sourceTree = "<group>";
		};
		7026C37C253AB00F00CF3283 /* DotaHeroTests */ = {
			isa = PBXGroup;
			children = (
				7026C37D253AB00F00CF3283 /* DotaHeroTests.swift */,
				7026C37F253AB00F00CF3283 /* Info.plist */,
			);
			path = DotaHeroTests;
			sourceTree = "<group>";
		};
/* End PBXGroup section */

/* Begin PBXNativeTarget section */
		7026C362253AB00D00CF3283 /* DotaHero */ = {
			isa = PBXNativeTarget;
			buildConfigurationList = 7026C382253AB00F00CF3283 /* Build configuration list for PBXNativeTarget "DotaHero" */;
			buildPhases = (
				7026C35F253AB00D00CF3283 /* Sources */,
				7026C360253AB00D00CF3283 /* Frameworks */,
				7026C361253AB00D00CF3283 /* Resources */,
			);
			buildRules = (
			);
			dependencies = (
			);
			name = DotaHero;
			productName = DotaHero;
			productReference = 7026C363253AB00D00CF3283 /* DotaHero.app */;
			productType = "com.apple.product-type.application";
		};
		7026C378253AB00F00CF3283 /* DotaHeroTests */ = {
			isa = PBXNativeTarget;
			buildConfigurationList = 7026C385253AB00F00CF3283 /* Build configuration list for PBXNativeTarget "DotaHeroTests" */;
			buildPhases = (
				7026C375253AB00F00CF3283 /* Sources */,
				7026C376253AB00F00CF3283 /* Frameworks */,
				7026C377253AB00F00CF3283 /* Resources */,
			);
			buildRules = (
			);
			dependencies = (
				7026C37B253AB00F00CF3283 /* PBXTargetDependency */,
			);
			name = DotaHeroTests;
			productName = DotaHeroTests;
			productReference = 7026C379253AB00F00CF3283 /* DotaHeroTests.xctest */;
			productType = "com.apple.product-type.bundle.unit-test";
		};
/* End PBXNativeTarget section */

/* Begin PBXProject section */
		7026C35B253AB00D00CF3283 /* Project object */ = {
			isa = PBXProject;
			attributes = {
				LastSwiftUpdateCheck = 1170;
				LastUpgradeCheck = 1170;
				ORGANIZATIONNAME = "Ari Munandar";
				TargetAttributes = {
					7026C362253AB00D00CF3283 = {
						CreatedOnToolsVersion = 11.7;
					};
					7026C378253AB00F00CF3283 = {
						CreatedOnToolsVersion = 11.7;
						TestTargetID = 7026C362253AB00D00CF3283;
					};
				};
			};
			buildConfigurationList = 7026C35E253AB00D00CF3283 /* Build configuration list for PBXProject "DotaHero" */;
			compatibilityVersion = "Xcode 9.3";
			developmentRegion = en;
			hasScannedForEncodings = 0;
			knownRegions = (
				en,
				Base,
			);
			mainGroup = 7026C35A253AB00D00CF3283;
			productRefGroup = 7026C364253AB00D00CF3283 /* Products */;
			projectDirPath = "";
			projectRoot = "";
			targets = (
				7026C362253AB00D00CF3283 /* DotaHero */,
				7026C378253AB00F00CF3283 /* DotaHeroTests */,
			);
		};
/* End PBXProject section */

/* Begin PBXResourcesBuildPhase section */
		7026C361253AB00D00CF3283 /* Resources */ = {
			isa = PBXResourcesBuildPhase;
			buildActionMask = 2147483647;
			files = (
				7026C373253AB00F00CF3283 /* LaunchScreen.storyboard in Resources */,
				7026C370253AB00F00CF3283 /* Assets.xcassets in Resources */,
				7026C36E253AB00D00CF3283 /* Main.storyboard in Resources */,
			);
			runOnlyForDeploymentPostprocessing = 0;
		};
		7026C377253AB00F00CF3283 /* Resources */ = {
			isa = PBXResourcesBuildPhase;
			buildActionMask = 2147483647;
			files = (
			);
			runOnlyForDeploymentPostprocessing = 0;
		};
/* End PBXResourcesBuildPhase section */

/* Begin PBXSourcesBuildPhase section */
		7026C35F253AB00D00CF3283 /* Sources */ = {
			isa = PBXSourcesBuildPhase;
			buildActionMask = 2147483647;
			files = (
				7026C36B253AB00D00CF3283 /* ViewController.swift in Sources */,
				7026C367253AB00D00CF3283 /* AppDelegate.swift in Sources */,
				7026C369253AB00D00CF3283 /* SceneDelegate.swift in Sources */,
			);
			runOnlyForDeploymentPostprocessing = 0;
		};
		7026C375253AB00F00CF3283 /* Sources */ = {
			isa = PBXSourcesBuildPhase;
			buildActionMask = 2147483647;
			files = (
				7026C37E253AB00F00CF3283 /* DotaHeroTests.swift in Sources */,
			);
			runOnlyForDeploymentPostprocessing = 0;
		};
/* End PBXSourcesBuildPhase section */

/* Begin PBXTargetDependency section */
		7026C37B253AB00F00CF3283 /* PBXTargetDependency */ = {
			isa = PBXTargetDependency;
			target = 7026C362253AB00D00CF3283 /* DotaHero */;
			targetProxy = 7026C37A253AB00F00CF3283 /* PBXContainerItemProxy */;
		};
/* End PBXTargetDependency section */

/* Begin PBXVariantGroup section */
		7026C36C253AB00D00CF3283 /* Main.storyboard */ = {
			isa = PBXVariantGroup;
			children = (
				7026C36D253AB00D00CF3283 /* Base */,
			);
			name = Main.storyboard;
			sourceTree = "<group>";
		};
		7026C371253AB00F00CF3283 /* LaunchScreen.storyboard */ = {
			isa = PBXVariantGroup;
			children = (
				7026C372253AB00F00CF3283 /* Base */,
			);
			name = LaunchScreen.storyboard;
			sourceTree = "<group>";
		};
/* End PBXVariantGroup section */

/* Begin XCBuildConfiguration section */
		7026C380253AB00F00CF3283 /* Debug */ = {
			isa = XCBuildConfiguration;
			buildSettings = {
				ALWAYS_SEARCH_USER_PATHS = NO;
				CLANG_ANALYZER_NONNULL = YES;
				CLANG_ANALYZER_NUMBER_OBJECT_CONVERSION = YES_AGGRESSIVE;
				CLANG_CXX_LANGUAGE_STANDARD = "gnu++14";
				CLANG_CXX_LIBRARY = "libc++";
				CLANG_ENABLE_MODULES = YES;
				CLANG_ENABLE_OBJC_ARC = YES;
				CLANG_ENABLE_OBJC_WEAK = YES;
				CLANG_WARN_BLOCK_CAPTURE_AUTORELEASING = YES;
				CLANG_WARN_BOOL_CONVERSION = YES;
				CLANG_WARN_COMMA = YES;
				CLANG_WARN_CONSTANT_CONVERSION = YES;
				CLANG_WARN_DEPRECATED_OBJC_IMPLEMENTATIONS = YES;
				CLANG_WARN_DIRECT_OBJC_ISA_USAGE = YES_ERROR;
				CLANG_WARN_DOCUMENTATION_COMMENTS = YES;
				CLANG_WARN_EMPTY_BODY = YES;
				CLANG_WARN_ENUM_CONVERSION = YES;
				CLANG_WARN_INFINITE_RECURSION = YES;
				CLANG_WARN_INT_CONVERSION = YES;
				CLANG_WARN_NON_LITERAL_NULL_CONVERSION = YES;
				CLANG_WARN_OBJC_IMPLICIT_RETAIN_SELF = YES;
				CLANG_WARN_OBJC_LITERAL_CONVERSION = YES;
				CLANG_WARN_OBJC_ROOT_CLASS = YES_ERROR;
				CLANG_WARN_RANGE_LOOP_ANALYSIS = YES;
				CLANG_WARN_STRICT_PROTOTYPES = YES;
				CLANG_WARN_SUSPICIOUS_MOVE = YES;
				CLANG_WARN_UNGUARDED_AVAILABILITY = YES_AGGRESSIVE;
				CLANG_WARN_UNREACHABLE_CODE = YES;
				CLANG_WARN__DUPLICATE_METHOD_MATCH = YES;
				COPY_PHASE_STRIP = NO;
				DEBUG_INFORMATION_FORMAT = dwarf;
				ENABLE_STRICT_OBJC_MSGSEND = YES;
				ENABLE_TESTABILITY = YES;
				GCC_C_LANGUAGE_STANDARD = gnu11;
				GCC_DYNAMIC_NO_PIC = NO;
				GCC_NO_COMMON_BLOCKS = YES;
				GCC_OPTIMIZATION_LEVEL = 0;
				GCC_PREPROCESSOR_DEFINITIONS = (
					"DEBUG=1",
					"$(inherited)",
				);
				GCC_WARN_64_TO_32_BIT_CONVERSION = YES;
				GCC_WARN_ABOUT_RETURN_TYPE = YES_ERROR;
				GCC_WARN_UNDECLARED_SELECTOR = YES;
				GCC_WARN_UNINITIALIZED_AUTOS = YES_AGGRESSIVE;
				GCC_WARN_UNUSED_FUNCTION = YES;
				GCC_WARN_UNUSED_VARIABLE = YES;
				IPHONEOS_DEPLOYMENT_TARGET = 13.7;
				MTL_ENABLE_DEBUG_INFO = INCLUDE_SOURCE;
				MTL_FAST_MATH = YES;
				ONLY_ACTIVE_ARCH = YES;
				SDKROOT = iphoneos;
				SWIFT_ACTIVE_COMPILATION_CONDITIONS = DEBUG;
				SWIFT_OPTIMIZATION_LEVEL = "-Onone";
			};
			name = Debug;
		};
		7026C381253AB00F00CF3283 /* Release */ = {
			isa = XCBuildConfiguration;
			buildSettings = {
				ALWAYS_SEARCH_USER_PATHS = NO;
				CLANG_ANALYZER_NONNULL = YES;
				CLANG_ANALYZER_NUMBER_OBJECT_CONVERSION = YES_AGGRESSIVE;
				CLANG_CXX_LANGUAGE_STANDARD = "gnu++14";
				CLANG_CXX_LIBRARY = "libc++";
				CLANG_ENABLE_MODULES = YES;
				CLANG_ENABLE_OBJC_ARC = YES;
				CLANG_ENABLE_OBJC_WEAK = YES;
				CLANG_WARN_BLOCK_CAPTURE_AUTORELEASING = YES;
				CLANG_WARN_BOOL_CONVERSION = YES;
				CLANG_WARN_COMMA = YES;
				CLANG_WARN_CONSTANT_CONVERSION = YES;
				CLANG_WARN_DEPRECATED_OBJC_IMPLEMENTATIONS = YES;
				CLANG_WARN_DIRECT_OBJC_ISA_USAGE = YES_ERROR;
				CLANG_WARN_DOCUMENTATION_COMMENTS = YES;
				CLANG_WARN_EMPTY_BODY = YES;
				CLANG_WARN_ENUM_CONVERSION = YES;
				CLANG_WARN_INFINITE_RECURSION = YES;
				CLANG_WARN_INT_CONVERSION = YES;
				CLANG_WARN_NON_LITERAL_NULL_CONVERSION = YES;
				CLANG_WARN_OBJC_IMPLICIT_RETAIN_SELF = YES;
				CLANG_WARN_OBJC_LITERAL_CONVERSION = YES;
				CLANG_WARN_OBJC_ROOT_CLASS = YES_ERROR;
				CLANG_WARN_RANGE_LOOP_ANALYSIS = YES;
				CLANG_WARN_STRICT_PROTOTYPES = YES;
				CLANG_WARN_SUSPICIOUS_MOVE = YES;
				CLANG_WARN_UNGUARDED_AVAILABILITY = YES_AGGRESSIVE;
				CLANG_WARN_UNREACHABLE_CODE = YES;
				CLANG_WARN__DUPLICATE_METHOD_MATCH = YES;
				COPY_PHASE_STRIP = NO;
				DEBUG_INFORMATION_FORMAT = "dwarf-with-dsym";
				ENABLE_NS_ASSERTIONS = NO;
				ENABLE_STRICT_OBJC_MSGSEND = YES;
				GCC_C_LANGUAGE_STANDARD = gnu11;
				GCC_NO_COMMON_BLOCKS = YES;
				GCC_WARN_64_TO_32_BIT_CONVERSION = YES;
				GCC_WARN_ABOUT_RETURN_TYPE = YES_ERROR;
				GCC_WARN_UNDECLARED_SELECTOR = YES;
				GCC_WARN_UNINITIALIZED_AUTOS = YES_AGGRESSIVE;
				GCC_WARN_UNUSED_FUNCTION = YES;
				GCC_WARN_UNUSED_VARIABLE = YES;
				IPHONEOS_DEPLOYMENT_TARGET = 13.7;
				MTL_ENABLE_DEBUG_INFO = NO;
				MTL_FAST_MATH = YES;
				SDKROOT = iphoneos;
				SWIFT_COMPILATION_MODE = wholemodule;
				SWIFT_OPTIMIZATION_LEVEL = "-O";
				VALIDATE_PRODUCT = YES;
			};
			name = Release;
		};
		7026C383253AB00F00CF3283 /* Debug */ = {
			isa = XCBuildConfiguration;
			buildSettings = {
				ASSETCATALOG_COMPILER_APPICON_NAME = AppIcon;
				CODE_SIGN_STYLE = Automatic;
				INFOPLIST_FILE = DotaHero/Info.plist;
				LD_RUNPATH_SEARCH_PATHS = (
					"$(inherited)",
					"@executable_path/Frameworks",
				);
				PRODUCT_BUNDLE_IDENTIFIER = arimunandar.DotaHero;
				PRODUCT_NAME = "$(TARGET_NAME)";
				SWIFT_VERSION = 5.0;
				TARGETED_DEVICE_FAMILY = "1,2";
			};
			name = Debug;
		};
		7026C384253AB00F00CF3283 /* Release */ = {
			isa = XCBuildConfiguration;
			buildSettings = {
				ASSETCATALOG_COMPILER_APPICON_NAME = AppIcon;
				CODE_SIGN_STYLE = Automatic;
				INFOPLIST_FILE = DotaHero/Info.plist;
				LD_RUNPATH_SEARCH_PATHS = (
					"$(inherited)",
					"@executable_path/Frameworks",
				);
				PRODUCT_BUNDLE_IDENTIFIER = arimunandar.DotaHero;
				PRODUCT_NAME = "$(TARGET_NAME)";
				SWIFT_VERSION = 5.0;
				TARGETED_DEVICE_FAMILY = "1,2";
			};
			name = Release;
		};
		7026C386253AB00F00CF3283 /* Debug */ = {
			isa = XCBuildConfiguration;
			buildSettings = {
				ALWAYS_EMBED_SWIFT_STANDARD_LIBRARIES = YES;
				BUNDLE_LOADER = "$(TEST_HOST)";
				CODE_SIGN_STYLE = Automatic;
				INFOPLIST_FILE = DotaHeroTests/Info.plist;
				IPHONEOS_DEPLOYMENT_TARGET = 13.7;
				LD_RUNPATH_SEARCH_PATHS = (
					"$(inherited)",
					"@executable_path/Frameworks",
					"@loader_path/Frameworks",
				);
				PRODUCT_BUNDLE_IDENTIFIER = arimunandar.DotaHeroTests;
				PRODUCT_NAME = "$(TARGET_NAME)";
				SWIFT_VERSION = 5.0;
				TARGETED_DEVICE_FAMILY = "1,2";
				TEST_HOST = "$(BUILT_PRODUCTS_DIR)/DotaHero.app/DotaHero";
			};
			name = Debug;
		};
		7026C387253AB00F00CF3283 /* Release */ = {
			isa = XCBuildConfiguration;
			buildSettings = {
				ALWAYS_EMBED_SWIFT_STANDARD_LIBRARIES = YES;
				BUNDLE_LOADER = "$(TEST_HOST)";
				CODE_SIGN_STYLE = Automatic;
				INFOPLIST_FILE = DotaHeroTests/Info.plist;
				IPHONEOS_DEPLOYMENT_TARGET = 13.7;
				LD_RUNPATH_SEARCH_PATHS = (
					"$(inherited)",
					"@executable_path/Frameworks",
					"@loader_path/Frameworks",
				);
				PRODUCT_BUNDLE_IDENTIFIER = arimunandar.DotaHeroTests;
				PRODUCT_NAME = "$(TARGET_NAME)";
				SWIFT_VERSION = 5.0;
				TARGETED_DEVICE_FAMILY = "1,2";
				TEST_HOST = "$(BUILT_PRODUCTS_DIR)/DotaHero.app/DotaHero";
			};
			name = Release;
		};
/* End XCBuildConfiguration section */

/* Begin XCConfigurationList section */
		7026C35E253AB00D00CF3283 /* Build configuration list for PBXProject "DotaHero" */ = {
			isa = XCConfigurationList;
			buildConfigurations = (
				7026C380253AB00F00CF3283 /* Debug */,
				7026C381253AB00F00CF3283 /* Release */,
			);
			defaultConfigurationIsVisible = 0;
			defaultConfigurationName = Release;
		};
		7026C382253AB00F00CF3283 /* Build configuration list for PBXNativeTarget "DotaHero" */ = {
			isa = XCConfigurationList;
			buildConfigurations = (
				7026C383253AB00F00CF3283 /* Debug */,
				7026C384253AB00F00CF3283 /* Release */,
			);
			defaultConfigurationIsVisible = 0;
			defaultConfigurationName = Release;
		};
		7026C385253AB00F00CF3283 /* Build configuration list for PBXNativeTarget "DotaHeroTests" */ = {
			isa = XCConfigurationList;
			buildConfigurations = (
				7026C386253AB00F00CF3283 /* Debug */,
				7026C387253AB00F00CF3283 /* Release */,
			);
			defaultConfigurationIsVisible = 0;
			defaultConfigurationName = Release;
		};
/* End XCConfigurationList section */
	};
	rootObject = 7026C35B253AB00D00CF3283 /* Project object */;
}
