PODS:
  - Alamofire (5.2.2)
  - Bond (7.6.6):
    - Differ (~> 1.4)
    - ReactiveKit (~> 3.14)
  - Differ (1.4.5)
  - ReactiveKit (3.17.4)
  - Realm (5.3.5):
    - Realm/Headers (= 5.3.5)
  - Realm/Headers (5.3.5)
  - RealmSwift (5.3.5):
    - Realm (= 5.3.5)
  - RxRealm (3.1.0):
    - RealmSwift (~> 5.2)
    - RxSwift (~> 5.0)
  - RxSwift (5.1.1)
  - SDWebImage (5.8.4):
    - SDWebImage/Core (= 5.8.4)
  - SDWebImage/Core (5.8.4)

DEPENDENCIES:
  - Alamofire
  - Bond
  - RealmSwift
  - RxRealm
  - SDWebImage

SPEC REPOS:
  trunk:
    - Alamofire
    - Bond
    - Differ
    - ReactiveKit
    - Realm
    - RealmSwift
    - RxRealm
    - RxSwift
    - SDWebImage

SPEC CHECKSUMS:
  Alamofire: 814429acc853c6c54ff123fc3d2ef66803823ce0
  Bond: 9e7d901cf4ed825b6004a93dd0a7f1c7479e2834
  Differ: 3b6bd78e2b20cc795d9a86f7641d087524e4273e
  ReactiveKit: f9f9e079efa39312c597bf1508ef4810d111ce76
  Realm: 2b52fcc86fc0ed3d75a56ac0eb1e73c4f1a60e16
  RealmSwift: a6ea2ea561039fc3833c08dec81371a9a3bb5ca6
  RxRealm: 50e5fe5c1f22518205afbb313fbc5580d73bc586
  RxSwift: 81470a2074fa8780320ea5fe4102807cb7118178
  SDWebImage: cf6922231e95550934da2ada0f20f2becf2ceba9

PODFILE CHECKSUM: 651e9f4462c4139ba0332e1a1e942ab95e8dbedf

COCOAPODS: 1.9.3
